<Solution>
  <Configurations>
    <Platform Name="ARM64" />
    <Platform Name="x64" />
    <Platform Name="x86" />
  </Configurations>
  <Project Path="../WinCodexBar.Core/WinCodexBar.Core.csproj" />
  <Project Path="../WinCodexBar.Tests/WinCodexBar.Tests.csproj" />
  <Project Path="WinCodexBar.UI.csproj">
    <Platform Solution="*|ARM64" Project="ARM64" />
    <Platform Solution="*|x64" Project="x64" />
    <Platform Solution="*|x86" Project="x86" />
    <Deploy />
  </Project>
</Solution>
